// !$*UTF8*$!
{
	archiveVersion = 1;
	classes = {
	};
	objectVersion = 46;
	objects = {

/* Begin PBXBuildFile section */
		EDB49CA41B1CF3B8003288E4 /* main.m in Sources */ = {isa = PBXBuildFile; fileRef = EDB49CA31B1CF3B8003288E4 /* main.m */; };
		EDB49CA71B1CF3B8003288E4 /* AppDelegate.m in Sources */ = {isa = PBXBuildFile; fileRef = EDB49CA61B1CF3B8003288E4 /* AppDelegate.m */; };
		EDB49CAA1B1CF3B8003288E4 /* ViewController.m in Sources */ = {isa = PBXBuildFile; fileRef = EDB49CA91B1CF3B8003288E4 /* ViewController.m */; };
		EDB49CAD1B1CF3B8003288E4 /* Main.storyboard in Resources */ = {isa = PBXBuildFile; fileRef = EDB49CAB1B1CF3B8003288E4 /* Main.storyboard */; };
		EDB49CAF1B1CF3B8003288E4 /* Images.xcassets in Resources */ = {isa = PBXBuildFile; fileRef = EDB49CAE1B1CF3B8003288E4 /* Images.xcassets */; };
		EDB49CB21B1CF3B8003288E4 /* LaunchScreen.xib in Resources */ = {isa = PBXBuildFile; fileRef = EDB49CB01B1CF3B8003288E4 /* LaunchScreen.xib */; };
		EDB49CC81B1CF55E003288E4 /* JESAEuroTests.m in Sources */ = {isa = PBXBuildFile; fileRef = EDB49CC71B1CF55E003288E4 /* JESAEuroTests.m */; };
		EDB49CCC1B1CF66F003288E4 /* JESAEuro.m in Sources */ = {isa = PBXBuildFile; fileRef = EDB49CCB1B1CF66F003288E4 /* JESAEuro.m */; };
		EDB49CCE1B1D047E003288E4 /* JESADolarTests.m in Sources */ = {isa = PBXBuildFile; fileRef = EDB49CCD1B1D047E003288E4 /* JESADolarTests.m */; };
		EDB49CD11B1D0520003288E4 /* JESADolar.m in Sources */ = {isa = PBXBuildFile; fileRef = EDB49CD01B1D0520003288E4 /* JESADolar.m */; };
		EDB49CD41B1D06D5003288E4 /* JESAMoney.m in Sources */ = {isa = PBXBuildFile; fileRef = EDB49CD31B1D06D5003288E4 /* JESAMoney.m */; };
		EDB49CD51B1D06E7003288E4 /* JESAMoney.m in Sources */ = {isa = PBXBuildFile; fileRef = EDB49CD31B1D06D5003288E4 /* JESAMoney.m */; };
		EDB49CD81B1D0908003288E4 /* NSObject+GNUStep.m in Sources */ = {isa = PBXBuildFile; fileRef = EDB49CD71B1D0908003288E4 /* NSObject+GNUStep.m */; };
		EDB49CDB1B1D0B31003288E4 /* JESAMoneyTests.m in Sources */ = {isa = PBXBuildFile; fileRef = EDB49CDA1B1D0B31003288E4 /* JESAMoneyTests.m */; };
/* End PBXBuildFile section */

/* Begin PBXContainerItemProxy section */
		EDB49CB81B1CF3B8003288E4 /* PBXContainerItemProxy */ = {
			isa = PBXContainerItemProxy;
			containerPortal = EDB49C961B1CF3B7003288E4 /* Project object */;
			proxyType = 1;
			remoteGlobalIDString = EDB49C9D1B1CF3B7003288E4;
			remoteInfo = Wallet;
		};
/* End PBXContainerItemProxy section */

/* Begin PBXFileReference section */
		EDB49C9E1B1CF3B7003288E4 /* Wallet.app */ = {isa = PBXFileReference; explicitFileType = wrapper.application; includeInIndex = 0; path = Wallet.app; sourceTree = BUILT_PRODUCTS_DIR; };
		EDB49CA21B1CF3B8003288E4 /* Info.plist */ = {isa = PBXFileReference; lastKnownFileType = text.plist.xml; path = Info.plist; sourceTree = "<group>"; };
		EDB49CA31B1CF3B8003288E4 /* main.m */ = {isa = PBXFileReference; lastKnownFileType = sourcecode.c.objc; path = main.m; sourceTree = "<group>"; };
		EDB49CA51B1CF3B8003288E4 /* AppDelegate.h */ = {isa = PBXFileReference; lastKnownFileType = sourcecode.c.h; path = AppDelegate.h; sourceTree = "<group>"; };
		EDB49CA61B1CF3B8003288E4 /* AppDelegate.m */ = {isa = PBXFileReference; lastKnownFileType = sourcecode.c.objc; path = AppDelegate.m; sourceTree = "<group>"; };
		EDB49CA81B1CF3B8003288E4 /* ViewController.h */ = {isa = PBXFileReference; lastKnownFileType = sourcecode.c.h; path = ViewController.h; sourceTree = "<group>"; };
		EDB49CA91B1CF3B8003288E4 /* ViewController.m */ = {isa = PBXFileReference; lastKnownFileType = sourcecode.c.objc; path = ViewController.m; sourceTree = "<group>"; };
		EDB49CAC1B1CF3B8003288E4 /* Base */ = {isa = PBXFileReference; lastKnownFileType = file.storyboard; name = Base; path = Base.lproj/Main.storyboard; sourceTree = "<group>"; };
		EDB49CAE1B1CF3B8003288E4 /* Images.xcassets */ = {isa = PBXFileReference; lastKnownFileType = folder.assetcatalog; path = Images.xcassets; sourceTree = "<group>"; };
		EDB49CB11B1CF3B8003288E4 /* Base */ = {isa = PBXFileReference; lastKnownFileType = file.xib; name = Base; path = Base.lproj/LaunchScreen.xib; sourceTree = "<group>"; };
		EDB49CB71B1CF3B8003288E4 /* WalletTests.xctest */ = {isa = PBXFileReference; explicitFileType = wrapper.cfbundle; includeInIndex = 0; path = WalletTests.xctest; sourceTree = BUILT_PRODUCTS_DIR; };
		EDB49CBC1B1CF3B8003288E4 /* Info.plist */ = {isa = PBXFileReference; lastKnownFileType = text.plist.xml; path = Info.plist; sourceTree = "<group>"; };
		EDB49CC71B1CF55E003288E4 /* JESAEuroTests.m */ = {isa = PBXFileReference; fileEncoding = 4; lastKnownFileType = sourcecode.c.objc; path = JESAEuroTests.m; sourceTree = "<group>"; };
		EDB49CCA1B1CF66F003288E4 /* JESAEuro.h */ = {isa = PBXFileReference; fileEncoding = 4; lastKnownFileType = sourcecode.c.h; path = JESAEuro.h; sourceTree = "<group>"; };
		EDB49CCB1B1CF66F003288E4 /* JESAEuro.m */ = {isa = PBXFileReference; fileEncoding = 4; lastKnownFileType = sourcecode.c.objc; path = JESAEuro.m; sourceTree = "<group>"; };
		EDB49CCD1B1D047E003288E4 /* JESADolarTests.m */ = {isa = PBXFileReference; fileEncoding = 4; lastKnownFileType = sourcecode.c.objc; path = JESADolarTests.m; sourceTree = "<group>"; };
		EDB49CCF1B1D0520003288E4 /* JESADolar.h */ = {isa = PBXFileReference; fileEncoding = 4; lastKnownFileType = sourcecode.c.h; path = JESADolar.h; sourceTree = "<group>"; };
		EDB49CD01B1D0520003288E4 /* JESADolar.m */ = {isa = PBXFileReference; fileEncoding = 4; lastKnownFileType = sourcecode.c.objc; path = JESADolar.m; sourceTree = "<group>"; };
		EDB49CD21B1D06D5003288E4 /* JESAMoney.h */ = {isa = PBXFileReference; fileEncoding = 4; lastKnownFileType = sourcecode.c.h; path = JESAMoney.h; sourceTree = "<group>"; };
		EDB49CD31B1D06D5003288E4 /* JESAMoney.m */ = {isa = PBXFileReference; fileEncoding = 4; lastKnownFileType = sourcecode.c.objc; path = JESAMoney.m; sourceTree = "<group>"; };
		EDB49CD61B1D0908003288E4 /* NSObject+GNUStep.h */ = {isa = PBXFileReference; fileEncoding = 4; lastKnownFileType = sourcecode.c.h; path = "NSObject+GNUStep.h"; sourceTree = "<group>"; };
		EDB49CD71B1D0908003288E4 /* NSObject+GNUStep.m */ = {isa = PBXFileReference; fileEncoding = 4; lastKnownFileType = sourcecode.c.objc; path = "NSObject+GNUStep.m"; sourceTree = "<group>"; };
		EDB49CDA1B1D0B31003288E4 /* JESAMoneyTests.m */ = {isa = PBXFileReference; fileEncoding = 4; lastKnownFileType = sourcecode.c.objc; path = JESAMoneyTests.m; sourceTree = "<group>"; };
		EDB49CDC1B1D0D1F003288E4 /* JESAMoneyPrivate.h */ = {isa = PBXFileReference; lastKnownFileType = sourcecode.c.h; path = JESAMoneyPrivate.h; sourceTree = "<group>"; };
/* End PBXFileReference section */

/* Begin PBXFrameworksBuildPhase section */
		EDB49C9B1B1CF3B7003288E4 /* Frameworks */ = {
			isa = PBXFrameworksBuildPhase;
			buildActionMask = 2147483647;
			files = (
			);
			runOnlyForDeploymentPostprocessing = 0;
		};
		EDB49CB41B1CF3B8003288E4 /* Frameworks */ = {
			isa = PBXFrameworksBuildPhase;
			buildActionMask = 2147483647;
			files = (
			);
			runOnlyForDeploymentPostprocessing = 0;
		};
/* End PBXFrameworksBuildPhase section */

/* Begin PBXGroup section */
		EDB49C951B1CF3B7003288E4 = {
			isa = PBXGroup;
			children = (
				EDB49CA01B1CF3B8003288E4 /* Wallet */,
				EDB49CBA1B1CF3B8003288E4 /* WalletTests */,
				EDB49C9F1B1CF3B7003288E4 /* Products */,
			);
			sourceTree = "<group>";
		};
		EDB49C9F1B1CF3B7003288E4 /* Products */ = {
			isa = PBXGroup;
			children = (
				EDB49C9E1B1CF3B7003288E4 /* Wallet.app */,
				EDB49CB71B1CF3B8003288E4 /* WalletTests.xctest */,
			);
			name = Products;
			sourceTree = "<group>";
		};
		EDB49CA01B1CF3B8003288E4 /* Wallet */ = {
			isa = PBXGroup;
			children = (
				EDB49CC91B1CF653003288E4 /* Models */,
				EDB49CA51B1CF3B8003288E4 /* AppDelegate.h */,
				EDB49CA61B1CF3B8003288E4 /* AppDelegate.m */,
				EDB49CA81B1CF3B8003288E4 /* ViewController.h */,
				EDB49CA91B1CF3B8003288E4 /* ViewController.m */,
				EDB49CAB1B1CF3B8003288E4 /* Main.storyboard */,
				EDB49CAE1B1CF3B8003288E4 /* Images.xcassets */,
				EDB49CB01B1CF3B8003288E4 /* LaunchScreen.xib */,
				EDB49CA11B1CF3B8003288E4 /* Supporting Files */,
				EDB49CD91B1D092C003288E4 /* Categories */,
			);
			path = Wallet;
			sourceTree = "<group>";
		};
		EDB49CA11B1CF3B8003288E4 /* Supporting Files */ = {
			isa = PBXGroup;
			children = (
				EDB49CA21B1CF3B8003288E4 /* Info.plist */,
				EDB49CA31B1CF3B8003288E4 /* main.m */,
			);
			name = "Supporting Files";
			sourceTree = "<group>";
		};
		EDB49CBA1B1CF3B8003288E4 /* WalletTests */ = {
			isa = PBXGroup;
			children = (
				EDB49CBB1B1CF3B8003288E4 /* Supporting Files */,
				EDB49CC71B1CF55E003288E4 /* JESAEuroTests.m */,
				EDB49CCD1B1D047E003288E4 /* JESADolarTests.m */,
				EDB49CDA1B1D0B31003288E4 /* JESAMoneyTests.m */,
			);
			path = WalletTests;
			sourceTree = "<group>";
		};
		EDB49CBB1B1CF3B8003288E4 /* Supporting Files */ = {
			isa = PBXGroup;
			children = (
				EDB49CBC1B1CF3B8003288E4 /* Info.plist */,
			);
			name = "Supporting Files";
			sourceTree = "<group>";
		};
		EDB49CC91B1CF653003288E4 /* Models */ = {
			isa = PBXGroup;
			children = (
				EDB49CCA1B1CF66F003288E4 /* JESAEuro.h */,
				EDB49CCB1B1CF66F003288E4 /* JESAEuro.m */,
				EDB49CCF1B1D0520003288E4 /* JESADolar.h */,
				EDB49CD01B1D0520003288E4 /* JESADolar.m */,
				EDB49CD21B1D06D5003288E4 /* JESAMoney.h */,
				EDB49CD31B1D06D5003288E4 /* JESAMoney.m */,
				EDB49CDC1B1D0D1F003288E4 /* JESAMoneyPrivate.h */,
			);
			name = Models;
			sourceTree = "<group>";
		};
		EDB49CD91B1D092C003288E4 /* Categories */ = {
			isa = PBXGroup;
			children = (
				EDB49CD61B1D0908003288E4 /* NSObject+GNUStep.h */,
				EDB49CD71B1D0908003288E4 /* NSObject+GNUStep.m */,
			);
			name = Categories;
			sourceTree = "<group>";
		};
/* End PBXGroup section */

/* Begin PBXNativeTarget section */
		EDB49C9D1B1CF3B7003288E4 /* Wallet */ = {
			isa = PBXNativeTarget;
			buildConfigurationList = EDB49CC11B1CF3B8003288E4 /* Build configuration list for PBXNativeTarget "Wallet" */;
			buildPhases = (
				EDB49C9A1B1CF3B7003288E4 /* Sources */,
				EDB49C9B1B1CF3B7003288E4 /* Frameworks */,
				EDB49C9C1B1CF3B7003288E4 /* Resources */,
			);
			buildRules = (
			);
			dependencies = (
			);
			name = Wallet;
			productName = Wallet;
			productReference = EDB49C9E1B1CF3B7003288E4 /* Wallet.app */;
			productType = "com.apple.product-type.application";
		};
		EDB49CB61B1CF3B8003288E4 /* WalletTests */ = {
			isa = PBXNativeTarget;
			buildConfigurationList = EDB49CC41B1CF3B8003288E4 /* Build configuration list for PBXNativeTarget "WalletTests" */;
			buildPhases = (
				EDB49CB31B1CF3B8003288E4 /* Sources */,
				EDB49CB41B1CF3B8003288E4 /* Frameworks */,
				EDB49CB51B1CF3B8003288E4 /* Resources */,
			);
			buildRules = (
			);
			dependencies = (
				EDB49CB91B1CF3B8003288E4 /* PBXTargetDependency */,
			);
			name = WalletTests;
			productName = WalletTests;
			productReference = EDB49CB71B1CF3B8003288E4 /* WalletTests.xctest */;
			productType = "com.apple.product-type.bundle.unit-test";
		};
/* End PBXNativeTarget section */

/* Begin PBXProject section */
		EDB49C961B1CF3B7003288E4 /* Project object */ = {
			isa = PBXProject;
			attributes = {
				LastUpgradeCheck = 0630;
				ORGANIZATIONNAME = Devappify;
				TargetAttributes = {
					EDB49C9D1B1CF3B7003288E4 = {
						CreatedOnToolsVersion = 6.3.2;
					};
					EDB49CB61B1CF3B8003288E4 = {
						CreatedOnToolsVersion = 6.3.2;
						TestTargetID = EDB49C9D1B1CF3B7003288E4;
					};
				};
			};
			buildConfigurationList = EDB49C991B1CF3B7003288E4 /* Build configuration list for PBXProject "Wallet" */;
			compatibilityVersion = "Xcode 3.2";
			developmentRegion = English;
			hasScannedForEncodings = 0;
			knownRegions = (
				en,
				Base,
			);
			mainGroup = EDB49C951B1CF3B7003288E4;
			productRefGroup = EDB49C9F1B1CF3B7003288E4 /* Products */;
			projectDirPath = "";
			projectRoot = "";
			targets = (
				EDB49C9D1B1CF3B7003288E4 /* Wallet */,
				EDB49CB61B1CF3B8003288E4 /* WalletTests */,
			);
		};
/* End PBXProject section */

/* Begin PBXResourcesBuildPhase section */
		EDB49C9C1B1CF3B7003288E4 /* Resources */ = {
			isa = PBXResourcesBuildPhase;
			buildActionMask = 2147483647;
			files = (
				EDB49CAD1B1CF3B8003288E4 /* Main.storyboard in Resources */,
				EDB49CB21B1CF3B8003288E4 /* LaunchScreen.xib in Resources */,
				EDB49CAF1B1CF3B8003288E4 /* Images.xcassets in Resources */,
			);
			runOnlyForDeploymentPostprocessing = 0;
		};
		EDB49CB51B1CF3B8003288E4 /* Resources */ = {
			isa = PBXResourcesBuildPhase;
			buildActionMask = 2147483647;
			files = (
			);
			runOnlyForDeploymentPostprocessing = 0;
		};
/* End PBXResourcesBuildPhase section */

/* Begin PBXSourcesBuildPhase section */
		EDB49C9A1B1CF3B7003288E4 /* Sources */ = {
			isa = PBXSourcesBuildPhase;
			buildActionMask = 2147483647;
			files = (
				EDB49CD81B1D0908003288E4 /* NSObject+GNUStep.m in Sources */,
				EDB49CAA1B1CF3B8003288E4 /* ViewController.m in Sources */,
				EDB49CD11B1D0520003288E4 /* JESADolar.m in Sources */,
				EDB49CA71B1CF3B8003288E4 /* AppDelegate.m in Sources */,
				EDB49CD41B1D06D5003288E4 /* JESAMoney.m in Sources */,
				EDB49CA41B1CF3B8003288E4 /* main.m in Sources */,
				EDB49CCC1B1CF66F003288E4 /* JESAEuro.m in Sources */,
			);
			runOnlyForDeploymentPostprocessing = 0;
		};
		EDB49CB31B1CF3B8003288E4 /* Sources */ = {
			isa = PBXSourcesBuildPhase;
			buildActionMask = 2147483647;
			files = (
				EDB49CD51B1D06E7003288E4 /* JESAMoney.m in Sources */,
				EDB49CDB1B1D0B31003288E4 /* JESAMoneyTests.m in Sources */,
				EDB49CC81B1CF55E003288E4 /* JESAEuroTests.m in Sources */,
				EDB49CCE1B1D047E003288E4 /* JESADolarTests.m in Sources */,
			);
			runOnlyForDeploymentPostprocessing = 0;
		};
/* End PBXSourcesBuildPhase section */

/* Begin PBXTargetDependency section */
		EDB49CB91B1CF3B8003288E4 /* PBXTargetDependency */ = {
			isa = PBXTargetDependency;
			target = EDB49C9D1B1CF3B7003288E4 /* Wallet */;
			targetProxy = EDB49CB81B1CF3B8003288E4 /* PBXContainerItemProxy */;
		};
/* End PBXTargetDependency section */

/* Begin PBXVariantGroup section */
		EDB49CAB1B1CF3B8003288E4 /* Main.storyboard */ = {
			isa = PBXVariantGroup;
			children = (
				EDB49CAC1B1CF3B8003288E4 /* Base */,
			);
			name = Main.storyboard;
			sourceTree = "<group>";
		};
		EDB49CB01B1CF3B8003288E4 /* LaunchScreen.xib */ = {
			isa = PBXVariantGroup;
			children = (
				EDB49CB11B1CF3B8003288E4 /* Base */,
			);
			name = LaunchScreen.xib;
			sourceTree = "<group>";
		};
/* End PBXVariantGroup section */

/* Begin XCBuildConfiguration section */
		EDB49CBF1B1CF3B8003288E4 /* Debug */ = {
			isa = XCBuildConfiguration;
			buildSettings = {
				ALWAYS_SEARCH_USER_PATHS = NO;
				CLANG_CXX_LANGUAGE_STANDARD = "gnu++0x";
				CLANG_CXX_LIBRARY = "libc++";
				CLANG_ENABLE_MODULES = YES;
				CLANG_ENABLE_OBJC_ARC = YES;
				CLANG_WARN_BOOL_CONVERSION = YES;
				CLANG_WARN_CONSTANT_CONVERSION = YES;
				CLANG_WARN_DIRECT_OBJC_ISA_USAGE = YES_ERROR;
				CLANG_WARN_EMPTY_BODY = YES;
				CLANG_WARN_ENUM_CONVERSION = YES;
				CLANG_WARN_INT_CONVERSION = YES;
				CLANG_WARN_OBJC_ROOT_CLASS = YES_ERROR;
				CLANG_WARN_UNREACHABLE_CODE = YES;
				CLANG_WARN__DUPLICATE_METHOD_MATCH = YES;
				"CODE_SIGN_IDENTITY[sdk=iphoneos*]" = "iPhone Developer";
				COPY_PHASE_STRIP = NO;
				DEBUG_INFORMATION_FORMAT = "dwarf-with-dsym";
				ENABLE_STRICT_OBJC_MSGSEND = YES;
				GCC_C_LANGUAGE_STANDARD = gnu99;
				GCC_DYNAMIC_NO_PIC = NO;
				GCC_NO_COMMON_BLOCKS = YES;
				GCC_OPTIMIZATION_LEVEL = 0;
				GCC_PREPROCESSOR_DEFINITIONS = (
					"DEBUG=1",
					"$(inherited)",
				);
				GCC_SYMBOLS_PRIVATE_EXTERN = NO;
				GCC_WARN_64_TO_32_BIT_CONVERSION = YES;
				GCC_WARN_ABOUT_RETURN_TYPE = YES_ERROR;
				GCC_WARN_UNDECLARED_SELECTOR = YES;
				GCC_WARN_UNINITIALIZED_AUTOS = YES_AGGRESSIVE;
				GCC_WARN_UNUSED_FUNCTION = YES;
				GCC_WARN_UNUSED_VARIABLE = YES;
				IPHONEOS_DEPLOYMENT_TARGET = 8.3;
				MTL_ENABLE_DEBUG_INFO = YES;
				ONLY_ACTIVE_ARCH = YES;
				SDKROOT = iphoneos;
			};
			name = Debug;
		};
		EDB49CC01B1CF3B8003288E4 /* Release */ = {
			isa = XCBuildConfiguration;
			buildSettings = {
				ALWAYS_SEARCH_USER_PATHS = NO;
				CLANG_CXX_LANGUAGE_STANDARD = "gnu++0x";
				CLANG_CXX_LIBRARY = "libc++";
				CLANG_ENABLE_MODULES = YES;
				CLANG_ENABLE_OBJC_ARC = YES;
				CLANG_WARN_BOOL_CONVERSION = YES;
				CLANG_WARN_CONSTANT_CONVERSION = YES;
				CLANG_WARN_DIRECT_OBJC_ISA_USAGE = YES_ERROR;
				CLANG_WARN_EMPTY_BODY = YES;
				CLANG_WARN_ENUM_CONVERSION = YES;
				CLANG_WARN_INT_CONVERSION = YES;
				CLANG_WARN_OBJC_ROOT_CLASS = YES_ERROR;
				CLANG_WARN_UNREACHABLE_CODE = YES;
				CLANG_WARN__DUPLICATE_METHOD_MATCH = YES;
				"CODE_SIGN_IDENTITY[sdk=iphoneos*]" = "iPhone Developer";
				COPY_PHASE_STRIP = NO;
				DEBUG_INFORMATION_FORMAT = "dwarf-with-dsym";
				ENABLE_NS_ASSERTIONS = NO;
				ENABLE_STRICT_OBJC_MSGSEND = YES;
				GCC_C_LANGUAGE_STANDARD = gnu99;
				GCC_NO_COMMON_BLOCKS = YES;
				GCC_WARN_64_TO_32_BIT_CONVERSION = YES;
				GCC_WARN_ABOUT_RETURN_TYPE = YES_ERROR;
				GCC_WARN_UNDECLARED_SELECTOR = YES;
				GCC_WARN_UNINITIALIZED_AUTOS = YES_AGGRESSIVE;
				GCC_WARN_UNUSED_FUNCTION = YES;
				GCC_WARN_UNUSED_VARIABLE = YES;
				IPHONEOS_DEPLOYMENT_TARGET = 8.3;
				MTL_ENABLE_DEBUG_INFO = NO;
				SDKROOT = iphoneos;
				VALIDATE_PRODUCT = YES;
			};
			name = Release;
		};
		EDB49CC21B1CF3B8003288E4 /* Debug */ = {
			isa = XCBuildConfiguration;
			buildSettings = {
				ASSETCATALOG_COMPILER_APPICON_NAME = AppIcon;
				INFOPLIST_FILE = Wallet/Info.plist;
				LD_RUNPATH_SEARCH_PATHS = "$(inherited) @executable_path/Frameworks";
				PRODUCT_NAME = "$(TARGET_NAME)";
			};
			name = Debug;
		};
		EDB49CC31B1CF3B8003288E4 /* Release */ = {
			isa = XCBuildConfiguration;
			buildSettings = {
				ASSETCATALOG_COMPILER_APPICON_NAME = AppIcon;
				INFOPLIST_FILE = Wallet/Info.plist;
				LD_RUNPATH_SEARCH_PATHS = "$(inherited) @executable_path/Frameworks";
				PRODUCT_NAME = "$(TARGET_NAME)";
			};
			name = Release;
		};
		EDB49CC51B1CF3B8003288E4 /* Debug */ = {
			isa = XCBuildConfiguration;
			buildSettings = {
				BUNDLE_LOADER = "$(TEST_HOST)";
				FRAMEWORK_SEARCH_PATHS = (
					"$(SDKROOT)/Developer/Library/Frameworks",
					"$(inherited)",
				);
				GCC_PREPROCESSOR_DEFINITIONS = (
					"DEBUG=1",
					"$(inherited)",
				);
				INFOPLIST_FILE = WalletTests/Info.plist;
				LD_RUNPATH_SEARCH_PATHS = "$(inherited) @executable_path/Frameworks @loader_path/Frameworks";
				PRODUCT_NAME = "$(TARGET_NAME)";
				TEST_HOST = "$(BUILT_PRODUCTS_DIR)/Wallet.app/Wallet";
			};
			name = Debug;
		};
		EDB49CC61B1CF3B8003288E4 /* Release */ = {
			isa = XCBuildConfiguration;
			buildSettings = {
				BUNDLE_LOADER = "$(TEST_HOST)";
				FRAMEWORK_SEARCH_PATHS = (
					"$(SDKROOT)/Developer/Library/Frameworks",
					"$(inherited)",
				);
				INFOPLIST_FILE = WalletTests/Info.plist;
				LD_RUNPATH_SEARCH_PATHS = "$(inherited) @executable_path/Frameworks @loader_path/Frameworks";
				PRODUCT_NAME = "$(TARGET_NAME)";
				TEST_HOST = "$(BUILT_PRODUCTS_DIR)/Wallet.app/Wallet";
			};
			name = Release;
		};
/* End XCBuildConfiguration section */

/* Begin XCConfigurationList section */
		EDB49C991B1CF3B7003288E4 /* Build configuration list for PBXProject "Wallet" */ = {
			isa = XCConfigurationList;
			buildConfigurations = (
				EDB49CBF1B1CF3B8003288E4 /* Debug */,
				EDB49CC01B1CF3B8003288E4 /* Release */,
			);
			defaultConfigurationIsVisible = 0;
			defaultConfigurationName = Release;
		};
		EDB49CC11B1CF3B8003288E4 /* Build configuration list for PBXNativeTarget "Wallet" */ = {
			isa = XCConfigurationList;
			buildConfigurations = (
				EDB49CC21B1CF3B8003288E4 /* Debug */,
				EDB49CC31B1CF3B8003288E4 /* Release */,
			);
			defaultConfigurationIsVisible = 0;
		};
		EDB49CC41B1CF3B8003288E4 /* Build configuration list for PBXNativeTarget "WalletTests" */ = {
			isa = XCConfigurationList;
			buildConfigurations = (
				EDB49CC51B1CF3B8003288E4 /* Debug */,
				EDB49CC61B1CF3B8003288E4 /* Release */,
			);
			defaultConfigurationIsVisible = 0;
		};
/* End XCConfigurationList section */
	};
	rootObject = EDB49C961B1CF3B7003288E4 /* Project object */;
}
